
Microsoft Visual Studio Solution File, Format Version 11.00
# Visual Studio 2010
Project("{CC5FD16D-436D-48AD-A40C-5A424C6E3E79}") = "AzureSpoUploader", "AzureSpoUploader\AzureSpoUploader.ccproj", "{3A36EA1B-29D4-458A-A8C1-E8B000A3B112}"
EndProject
Project("{FAE04EC0-301F-11D3-BF4B-00C04F79EFBC}") = "WebUploader", "WebUploader\WebUploader.csproj", "{3970F534-0235-4923-A8AC-4952EF390BE9}"
EndProject
Global
	GlobalSection(SolutionConfigurationPlatforms) = preSolution
		Debug|Any CPU = Debug|Any CPU
		Release|Any CPU = Release|Any CPU
	EndGlobalSection
	GlobalSection(ProjectConfigurationPlatforms) = postSolution
		{3A36EA1B-29D4-458A-A8C1-E8B000A3B112}.Debug|Any CPU.ActiveCfg = Debug|Any CPU
		{3A36EA1B-29D4-458A-A8C1-E8B000A3B112}.Debug|Any CPU.Build.0 = Debug|Any CPU
		{3A36EA1B-29D4-458A-A8C1-E8B000A3B112}.Release|Any CPU.ActiveCfg = Release|Any CPU
		{3A36EA1B-29D4-458A-A8C1-E8B000A3B112}.Release|Any CPU.Build.0 = Release|Any CPU
		{3970F534-0235-4923-A8AC-4952EF390BE9}.Debug|Any CPU.ActiveCfg = Debug|Any CPU
		{3970F534-0235-4923-A8AC-4952EF390BE9}.Debug|Any CPU.Build.0 = Debug|Any CPU
		{3970F534-0235-4923-A8AC-4952EF390BE9}.Release|Any CPU.ActiveCfg = Release|Any CPU
		{3970F534-0235-4923-A8AC-4952EF390BE9}.Release|Any CPU.Build.0 = Release|Any CPU
	EndGlobalSection
	GlobalSection(SolutionProperties) = preSolution
		HideSolutionNode = FALSE
	EndGlobalSection
EndGlobal
